
Microsoft Visual Studio Solution File, Format Version 12.00
# Visual Studio 15
VisualStudioVersion = 15.0.28307.2017
MinimumVisualStudioVersion = 10.0.40219.1
Project("{FAE04EC0-301F-11D3-BF4B-00C04F79EFBC}") = "PDF_AppTool", "PDF_AppTool\PDF_AppTool.csproj", "{6BC24BC4-FE15-4E19-A1AC-B2297A3836D7}"
EndProject
Project("{54435603-DBB4-11D2-8724-00A0C9A8B90C}") = "SetupUtilitarioPDFS", "SetupUtilitarioPDFS\SetupUtilitarioPDFS.vdproj", "{29C31605-4C22-4B89-AB41-CD22B153D613}"
EndProject
Global
	GlobalSection(SolutionConfigurationPlatforms) = preSolution
		Debug|Any CPU = Debug|Any CPU
		Release|Any CPU = Release|Any CPU
	EndGlobalSection
	GlobalSection(ProjectConfigurationPlatforms) = postSolution
		{6BC24BC4-FE15-4E19-A1AC-B2297A3836D7}.Debug|Any CPU.ActiveCfg = Debug|Any CPU
		{6BC24BC4-FE15-4E19-A1AC-B2297A3836D7}.Debug|Any CPU.Build.0 = Debug|Any CPU
		{6BC24BC4-FE15-4E19-A1AC-B2297A3836D7}.Release|Any CPU.ActiveCfg = Release|Any CPU
		{6BC24BC4-FE15-4E19-A1AC-B2297A3836D7}.Release|Any CPU.Build.0 = Release|Any CPU
		{29C31605-4C22-4B89-AB41-CD22B153D613}.Debug|Any CPU.ActiveCfg = Debug
		{29C31605-4C22-4B89-AB41-CD22B153D613}.Release|Any CPU.ActiveCfg = Release
	EndGlobalSection
	GlobalSection(SolutionProperties) = preSolution
		HideSolutionNode = FALSE
	EndGlobalSection
	GlobalSection(ExtensibilityGlobals) = postSolution
		SolutionGuid = {F42CDAEF-C9EA-4F1B-A5F3-4858B33A9276}
	EndGlobalSection
EndGlobal
